
Microsoft Visual Studio Solution File, Format Version 12.00
# Visual Studio Version 16
VisualStudioVersion = 16.0.30309.148
MinimumVisualStudioVersion = 15.0.26124.0
Project("{9A19103F-16F7-4668-BE54-9A1E7A4F7556}") = "Sample.MicroServices.Authorization.App", "Sample.MicroServices.Authorization.App\Sample.MicroServices.Authorization.App.csproj", "{7E63B3EE-CF00-4FC4-89AA-93847DE20FB5}"
EndProject
Project("{9A19103F-16F7-4668-BE54-9A1E7A4F7556}") = "Sample.MicroServices.Authorization.Data", "Sample.MicroServices.Authorization.Data\Sample.MicroServices.Authorization.Data.csproj", "{9107CE57-DD58-43C0-83B9-F382C9B21A57}"
EndProject
Project("{9A19103F-16F7-4668-BE54-9A1E7A4F7556}") = "Sample.MicroServices.Entities", "Sample.MicroServices.Entities\Sample.MicroServices.Entities.csproj", "{E7934CD5-E408-40E9-AB7E-C50F8A83C403}"
EndProject
Project("{9A19103F-16F7-4668-BE54-9A1E7A4F7556}") = "Sample.MicroServices.Models", "Sample.MicroServices.Models\Sample.MicroServices.Models.csproj", "{3608C92B-938F-4BA6-A73A-7F7288E44488}"
EndProject
Project("{2150E333-8FDC-42A3-9474-1A3956D46DE8}") = "Solution Items", "Solution Items", "{C30DE6F8-BA38-434E-91D4-988E119F2346}"
	ProjectSection(SolutionItems) = preProject
		.editorconfig = .editorconfig
	EndProjectSection
EndProject
Global
	GlobalSection(SolutionConfigurationPlatforms) = preSolution
		Debug|Any CPU = Debug|Any CPU
		Debug|x64 = Debug|x64
		Debug|x86 = Debug|x86
		Release|Any CPU = Release|Any CPU
		Release|x64 = Release|x64
		Release|x86 = Release|x86
	EndGlobalSection
	GlobalSection(ProjectConfigurationPlatforms) = postSolution
		{7E63B3EE-CF00-4FC4-89AA-93847DE20FB5}.Debug|Any CPU.ActiveCfg = Debug|Any CPU
		{7E63B3EE-CF00-4FC4-89AA-93847DE20FB5}.Debug|Any CPU.Build.0 = Debug|Any CPU
		{7E63B3EE-CF00-4FC4-89AA-93847DE20FB5}.Debug|x64.ActiveCfg = Debug|Any CPU
		{7E63B3EE-CF00-4FC4-89AA-93847DE20FB5}.Debug|x64.Build.0 = Debug|Any CPU
		{7E63B3EE-CF00-4FC4-89AA-93847DE20FB5}.Debug|x86.ActiveCfg = Debug|Any CPU
		{7E63B3EE-CF00-4FC4-89AA-93847DE20FB5}.Debug|x86.Build.0 = Debug|Any CPU
		{7E63B3EE-CF00-4FC4-89AA-93847DE20FB5}.Release|Any CPU.ActiveCfg = Release|Any CPU
		{7E63B3EE-CF00-4FC4-89AA-93847DE20FB5}.Release|Any CPU.Build.0 = Release|Any CPU
		{7E63B3EE-CF00-4FC4-89AA-93847DE20FB5}.Release|x64.ActiveCfg = Release|Any CPU
		{7E63B3EE-CF00-4FC4-89AA-93847DE20FB5}.Release|x64.Build.0 = Release|Any CPU
		{7E63B3EE-CF00-4FC4-89AA-93847DE20FB5}.Release|x86.ActiveCfg = Release|Any CPU
		{7E63B3EE-CF00-4FC4-89AA-93847DE20FB5}.Release|x86.Build.0 = Release|Any CPU
		{9107CE57-DD58-43C0-83B9-F382C9B21A57}.Debug|Any CPU.ActiveCfg = Debug|Any CPU
		{9107CE57-DD58-43C0-83B9-F382C9B21A57}.Debug|Any CPU.Build.0 = Debug|Any CPU
		{9107CE57-DD58-43C0-83B9-F382C9B21A57}.Debug|x64.ActiveCfg = Debug|Any CPU
		{9107CE57-DD58-43C0-83B9-F382C9B21A57}.Debug|x64.Build.0 = Debug|Any CPU
		{9107CE57-DD58-43C0-83B9-F382C9B21A57}.Debug|x86.ActiveCfg = Debug|Any CPU
		{9107CE57-DD58-43C0-83B9-F382C9B21A57}.Debug|x86.Build.0 = Debug|Any CPU
		{9107CE57-DD58-43C0-83B9-F382C9B21A57}.Release|Any CPU.ActiveCfg = Release|Any CPU
		{9107CE57-DD58-43C0-83B9-F382C9B21A57}.Release|Any CPU.Build.0 = Release|Any CPU
		{9107CE57-DD58-43C0-83B9-F382C9B21A57}.Release|x64.ActiveCfg = Release|Any CPU
		{9107CE57-DD58-43C0-83B9-F382C9B21A57}.Release|x64.Build.0 = Release|Any CPU
		{9107CE57-DD58-43C0-83B9-F382C9B21A57}.Release|x86.ActiveCfg = Release|Any CPU
		{9107CE57-DD58-43C0-83B9-F382C9B21A57}.Release|x86.Build.0 = Release|Any CPU
		{E7934CD5-E408-40E9-AB7E-C50F8A83C403}.Debug|Any CPU.ActiveCfg = Debug|Any CPU
		{E7934CD5-E408-40E9-AB7E-C50F8A83C403}.Debug|Any CPU.Build.0 = Debug|Any CPU
		{E7934CD5-E408-40E9-AB7E-C50F8A83C403}.Debug|x64.ActiveCfg = Debug|Any CPU
		{E7934CD5-E408-40E9-AB7E-C50F8A83C403}.Debug|x64.Build.0 = Debug|Any CPU
		{E7934CD5-E408-40E9-AB7E-C50F8A83C403}.Debug|x86.ActiveCfg = Debug|Any CPU
		{E7934CD5-E408-40E9-AB7E-C50F8A83C403}.Debug|x86.Build.0 = Debug|Any CPU
		{E7934CD5-E408-40E9-AB7E-C50F8A83C403}.Release|Any CPU.ActiveCfg = Release|Any CPU
		{E7934CD5-E408-40E9-AB7E-C50F8A83C403}.Release|Any CPU.Build.0 = Release|Any CPU
		{E7934CD5-E408-40E9-AB7E-C50F8A83C403}.Release|x64.ActiveCfg = Release|Any CPU
		{E7934CD5-E408-40E9-AB7E-C50F8A83C403}.Release|x64.Build.0 = Release|Any CPU
		{E7934CD5-E408-40E9-AB7E-C50F8A83C403}.Release|x86.ActiveCfg = Release|Any CPU
		{E7934CD5-E408-40E9-AB7E-C50F8A83C403}.Release|x86.Build.0 = Release|Any CPU
		{3608C92B-938F-4BA6-A73A-7F7288E44488}.Debug|Any CPU.ActiveCfg = Debug|Any CPU
		{3608C92B-938F-4BA6-A73A-7F7288E44488}.Debug|Any CPU.Build.0 = Debug|Any CPU
		{3608C92B-938F-4BA6-A73A-7F7288E44488}.Debug|x64.ActiveCfg = Debug|Any CPU
		{3608C92B-938F-4BA6-A73A-7F7288E44488}.Debug|x64.Build.0 = Debug|Any CPU
		{3608C92B-938F-4BA6-A73A-7F7288E44488}.Debug|x86.ActiveCfg = Debug|Any CPU
		{3608C92B-938F-4BA6-A73A-7F7288E44488}.Debug|x86.Build.0 = Debug|Any CPU
		{3608C92B-938F-4BA6-A73A-7F7288E44488}.Release|Any CPU.ActiveCfg = Release|Any CPU
		{3608C92B-938F-4BA6-A73A-7F7288E44488}.Release|Any CPU.Build.0 = Release|Any CPU
		{3608C92B-938F-4BA6-A73A-7F7288E44488}.Release|x64.ActiveCfg = Release|Any CPU
		{3608C92B-938F-4BA6-A73A-7F7288E44488}.Release|x64.Build.0 = Release|Any CPU
		{3608C92B-938F-4BA6-A73A-7F7288E44488}.Release|x86.ActiveCfg = Release|Any CPU
		{3608C92B-938F-4BA6-A73A-7F7288E44488}.Release|x86.Build.0 = Release|Any CPU
	EndGlobalSection
	GlobalSection(SolutionProperties) = preSolution
		HideSolutionNode = FALSE
	EndGlobalSection
	GlobalSection(ExtensibilityGlobals) = postSolution
		SolutionGuid = {C8E88FB1-9374-4C7A-89CA-9416FF9B2866}
	EndGlobalSection
EndGlobal
